
Microsoft Visual Studio Solution File, Format Version 12.00
# Visual Studio Version 17
VisualStudioVersion = 17.6.33723.286
MinimumVisualStudioVersion = 10.0.40219.1
Project("{FAE04EC0-301F-11D3-BF4B-00C04F79EFBC}") = "Cezar", "Cezar\Cezar.csproj", "{D8011D54-325D-4926-9658-137DB87B3768}"
EndProject
Global
	GlobalSection(SolutionConfigurationPlatforms) = preSolution
		Debug|Any CPU = Debug|Any CPU
		Release|Any CPU = Release|Any CPU
	EndGlobalSection
	GlobalSection(ProjectConfigurationPlatforms) = postSolution
		{D8011D54-325D-4926-9658-137DB87B3768}.Debug|Any CPU.ActiveCfg = Debug|Any CPU
		{D8011D54-325D-4926-9658-137DB87B3768}.Debug|Any CPU.Build.0 = Debug|Any CPU
		{D8011D54-325D-4926-9658-137DB87B3768}.Release|Any CPU.ActiveCfg = Release|Any CPU
		{D8011D54-325D-4926-9658-137DB87B3768}.Release|Any CPU.Build.0 = Release|Any CPU
	EndGlobalSection
	GlobalSection(SolutionProperties) = preSolution
		HideSolutionNode = FALSE
	EndGlobalSection
	GlobalSection(ExtensibilityGlobals) = postSolution
		SolutionGuid = {28A041ED-C95F-44A5-A9B9-EEB53530A8C8}
	EndGlobalSection
EndGlobal
